{
    "_readme": [
        "This file locks the dependencies of your project to a known state",
        "Read more about it at https://getcomposer.org/doc/01-basic-usage.md#installing-dependencies",
        "This file is @generated automatically"
    ],
    "content-hash": "fab85b30db50b2a465960b2376b1d6d6",
    "packages": [
        {
            "name": "pqrs/helloworld",
            "version": "dev-master",
            "source": {
                "type": "git",
                "url": "https://github.com/pqrs/helloworld.git",
                "reference": "d1857095807e6e48f8685ae9b5ea2bafcc592b97"
            },
            "dist": {
                "type": "zip",
                "url": "https://api.github.com/repos/pqrs/helloworld/zipball/d1857095807e6e48f8685ae9b5ea2bafcc592b97",
                "reference": "d1857095807e6e48f8685ae9b5ea2bafcc592b97",
                "shasum": ""
            },
            "require": {
                "php": ">=7.0.12"
            },
            "type": "library",
            "autoload": {
                "psr-0": {
                    "HelloWorld": "src/"
                }
            },
            "notification-url": "https://packagist.org/downloads/",
            "license": [
                "MIT"
            ],
            "authors": [
                {
                    "name": "pqrs",
                    "email": "alvaro@pqrs.es"
                }
            ],
            "description": "My first Composer project",
            "time": "2018-02-09T07:40:51+00:00"
        }
    ],
    "packages-dev": [],
    "aliases": [],
    "minimum-stability": "stable",
    "stability-flags": {
        "pqrs/helloworld": 20
    },
    "prefer-stable": false,
    "prefer-lowest": false,
    "platform": [],
    "platform-dev": [],
    "plugin-api-version": "1.1.0"
}
